{
  "requires": true,
  "lockfileVersion": 1,
  "dependencies": {
    "sound-box": {
      "version": "0.3.7",
      "resolved": "https://registry.npmjs.org/sound-box/-/sound-box-0.3.7.tgz",
      "integrity": "sha512-0PnPBmh6Dd0gayVeMmCnQx1nKQmvAuZ3UYtD9ZMz0qxO4w8t0WO/BLNu+zYRLIH80Xio47hP0Y+v9uxH3ur1CA=="
    }
  }
}
